
Microsoft Visual Studio Solution File, Format Version 12.00
# Visual Studio Version 17
VisualStudioVersion = 17.12.35514.174
MinimumVisualStudioVersion = 10.0.40219.1
Project("{FAE04EC0-301F-11D3-BF4B-00C04F79EFBC}") = "AccountService.WebApi", "AccountService.WebApi\AccountService.WebApi.csproj", "{3739C6E2-CE23-4FCD-8242-50F5A765ED8F}"
EndProject
Project("{FAE04EC0-301F-11D3-BF4B-00C04F79EFBC}") = "AccountService.Core", "AccountService.Core\AccountService.Core.csproj", "{B86083FF-764C-4C42-A300-7E8A11815FD0}"
EndProject
Project("{FAE04EC0-301F-11D3-BF4B-00C04F79EFBC}") = "AccountService.Infrastructure", "AccountService.Infrastructure\AccountService.Infrastructure.csproj", "{E13D0750-7B39-4B72-B242-B0C48AEA1A84}"
EndProject
Global
	GlobalSection(SolutionConfigurationPlatforms) = preSolution
		Debug|Any CPU = Debug|Any CPU
		Release|Any CPU = Release|Any CPU
	EndGlobalSection
	GlobalSection(ProjectConfigurationPlatforms) = postSolution
		{3739C6E2-CE23-4FCD-8242-50F5A765ED8F}.Debug|Any CPU.ActiveCfg = Debug|Any CPU
		{3739C6E2-CE23-4FCD-8242-50F5A765ED8F}.Debug|Any CPU.Build.0 = Debug|Any CPU
		{3739C6E2-CE23-4FCD-8242-50F5A765ED8F}.Release|Any CPU.ActiveCfg = Release|Any CPU
		{3739C6E2-CE23-4FCD-8242-50F5A765ED8F}.Release|Any CPU.Build.0 = Release|Any CPU
		{B86083FF-764C-4C42-A300-7E8A11815FD0}.Debug|Any CPU.ActiveCfg = Debug|Any CPU
		{B86083FF-764C-4C42-A300-7E8A11815FD0}.Debug|Any CPU.Build.0 = Debug|Any CPU
		{B86083FF-764C-4C42-A300-7E8A11815FD0}.Release|Any CPU.ActiveCfg = Release|Any CPU
		{B86083FF-764C-4C42-A300-7E8A11815FD0}.Release|Any CPU.Build.0 = Release|Any CPU
		{E13D0750-7B39-4B72-B242-B0C48AEA1A84}.Debug|Any CPU.ActiveCfg = Debug|Any CPU
		{E13D0750-7B39-4B72-B242-B0C48AEA1A84}.Debug|Any CPU.Build.0 = Debug|Any CPU
		{E13D0750-7B39-4B72-B242-B0C48AEA1A84}.Release|Any CPU.ActiveCfg = Release|Any CPU
		{E13D0750-7B39-4B72-B242-B0C48AEA1A84}.Release|Any CPU.Build.0 = Release|Any CPU
	EndGlobalSection
	GlobalSection(SolutionProperties) = preSolution
		HideSolutionNode = FALSE
	EndGlobalSection
EndGlobal
